// !$*UTF8*$!
{
	archiveVersion = 1;
	classes = {
	};
	objectVersion = 46;
	objects = {

/* Begin PBXBuildFile section */
		7985DF911E3693C30085ECFB /* AfternoonRunner.cpp in Sources */ = {isa = PBXBuildFile; fileRef = 7985DF901E3693C30085ECFB /* AfternoonRunner.cpp */; };
		7985DF931E36958F0085ECFB /* FirstController.cpp in Sources */ = {isa = PBXBuildFile; fileRef = 7985DF921E36958F0085ECFB /* FirstController.cpp */; };
		79D68CA11E41202600159997 /* Timer.cpp in Sources */ = {isa = PBXBuildFile; fileRef = 79D68C9F1E41202600159997 /* Timer.cpp */; };
/* End PBXBuildFile section */

/* Begin PBXCopyFilesBuildPhase section */
		7985DF801E368FB00085ECFB /* CopyFiles */ = {
			isa = PBXCopyFilesBuildPhase;
			buildActionMask = 2147483647;
			dstPath = /usr/share/man/man1/;
			dstSubfolderSpec = 0;
			files = (
			);
			runOnlyForDeploymentPostprocessing = 1;
		};
/* End PBXCopyFilesBuildPhase section */

/* Begin PBXFileReference section */
		7985DF821E368FB00085ECFB /* FirstAfternoonCPlusPlus */ = {isa = PBXFileReference; explicitFileType = "compiled.mach-o.executable"; includeInIndex = 0; path = FirstAfternoonCPlusPlus; sourceTree = BUILT_PRODUCTS_DIR; };
		7985DF901E3693C30085ECFB /* AfternoonRunner.cpp */ = {isa = PBXFileReference; fileEncoding = 4; lastKnownFileType = sourcecode.cpp.cpp; name = AfternoonRunner.cpp; path = Controller/AfternoonRunner.cpp; sourceTree = "<group>"; };
		7985DF921E36958F0085ECFB /* FirstController.cpp */ = {isa = PBXFileReference; fileEncoding = 4; lastKnownFileType = sourcecode.cpp.cpp; name = FirstController.cpp; path = Controller/FirstController.cpp; sourceTree = "<group>"; };
		7985DF941E36987C0085ECFB /* FirstController.h */ = {isa = PBXFileReference; lastKnownFileType = sourcecode.c.h; name = FirstController.h; path = Controller/FirstController.h; sourceTree = "<group>"; };
		79D68C9F1E41202600159997 /* Timer.cpp */ = {isa = PBXFileReference; fileEncoding = 4; lastKnownFileType = sourcecode.cpp.cpp; name = Timer.cpp; path = Model/Timer.cpp; sourceTree = "<group>"; };
		79D68CA01E41202600159997 /* Timer.hpp */ = {isa = PBXFileReference; fileEncoding = 4; lastKnownFileType = sourcecode.cpp.h; name = Timer.hpp; path = Model/Timer.hpp; sourceTree = "<group>"; };
/* End PBXFileReference section */

/* Begin PBXFrameworksBuildPhase section */
		7985DF7F1E368FB00085ECFB /* Frameworks */ = {
			isa = PBXFrameworksBuildPhase;
			buildActionMask = 2147483647;
			files = (
			);
			runOnlyForDeploymentPostprocessing = 0;
		};
/* End PBXFrameworksBuildPhase section */

/* Begin PBXGroup section */
		7985DF791E368FB00085ECFB = {
			isa = PBXGroup;
			children = (
				7985DF841E368FB00085ECFB /* FirstAfternoonCPlusPlus */,
				7985DF831E368FB00085ECFB /* Products */,
			);
			sourceTree = "<group>";
		};
		7985DF831E368FB00085ECFB /* Products */ = {
			isa = PBXGroup;
			children = (
				7985DF821E368FB00085ECFB /* FirstAfternoonCPlusPlus */,
			);
			name = Products;
			sourceTree = "<group>";
		};
		7985DF841E368FB00085ECFB /* FirstAfternoonCPlusPlus */ = {
			isa = PBXGroup;
			children = (
				79D68C9E1E411FF700159997 /* Controller */,
				79D68C9D1E411FA900159997 /* Model */,
			);
			path = FirstAfternoonCPlusPlus;
			sourceTree = "<group>";
		};
		79D68C9D1E411FA900159997 /* Model */ = {
			isa = PBXGroup;
			children = (
				79D68C9F1E41202600159997 /* Timer.cpp */,
				79D68CA01E41202600159997 /* Timer.hpp */,
			);
			name = Model;
			sourceTree = "<group>";
		};
		79D68C9E1E411FF700159997 /* Controller */ = {
			isa = PBXGroup;
			children = (
				7985DF941E36987C0085ECFB /* FirstController.h */,
				7985DF921E36958F0085ECFB /* FirstController.cpp */,
				7985DF901E3693C30085ECFB /* AfternoonRunner.cpp */,
			);
			name = Controller;
			sourceTree = "<group>";
		};
/* End PBXGroup section */

/* Begin PBXNativeTarget section */
		7985DF811E368FB00085ECFB /* FirstAfternoonCPlusPlus */ = {
			isa = PBXNativeTarget;
			buildConfigurationList = 7985DF891E368FB00085ECFB /* Build configuration list for PBXNativeTarget "FirstAfternoonCPlusPlus" */;
			buildPhases = (
				7985DF7E1E368FB00085ECFB /* Sources */,
				7985DF7F1E368FB00085ECFB /* Frameworks */,
				7985DF801E368FB00085ECFB /* CopyFiles */,
			);
			buildRules = (
			);
			dependencies = (
			);
			name = FirstAfternoonCPlusPlus;
			productName = FirstAfternoonCPlusPlus;
			productReference = 7985DF821E368FB00085ECFB /* FirstAfternoonCPlusPlus */;
			productType = "com.apple.product-type.tool";
		};
/* End PBXNativeTarget section */

/* Begin PBXProject section */
		7985DF7A1E368FB00085ECFB /* Project object */ = {
			isa = PBXProject;
			attributes = {
				LastUpgradeCheck = 0810;
				ORGANIZATIONNAME = CTEC;
				TargetAttributes = {
					7985DF811E368FB00085ECFB = {
						CreatedOnToolsVersion = 8.1;
						ProvisioningStyle = Automatic;
					};
				};
			};
			buildConfigurationList = 7985DF7D1E368FB00085ECFB /* Build configuration list for PBXProject "FirstAfternoonCPlusPlus" */;
			compatibilityVersion = "Xcode 3.2";
			developmentRegion = English;
			hasScannedForEncodings = 0;
			knownRegions = (
				en,
			);
			mainGroup = 7985DF791E368FB00085ECFB;
			productRefGroup = 7985DF831E368FB00085ECFB /* Products */;
			projectDirPath = "";
			projectRoot = "";
			targets = (
				7985DF811E368FB00085ECFB /* FirstAfternoonCPlusPlus */,
			);
		};
/* End PBXProject section */

/* Begin PBXSourcesBuildPhase section */
		7985DF7E1E368FB00085ECFB /* Sources */ = {
			isa = PBXSourcesBuildPhase;
			buildActionMask = 2147483647;
			files = (
				79D68CA11E41202600159997 /* Timer.cpp in Sources */,
				7985DF931E36958F0085ECFB /* FirstController.cpp in Sources */,
				7985DF911E3693C30085ECFB /* AfternoonRunner.cpp in Sources */,
			);
			runOnlyForDeploymentPostprocessing = 0;
		};
/* End PBXSourcesBuildPhase section */

/* Begin XCBuildConfiguration section */
		7985DF871E368FB00085ECFB /* Debug */ = {
			isa = XCBuildConfiguration;
			buildSettings = {
				ALWAYS_SEARCH_USER_PATHS = NO;
				CLANG_ANALYZER_NONNULL = YES;
				CLANG_CXX_LANGUAGE_STANDARD = "gnu++0x";
				CLANG_CXX_LIBRARY = "libc++";
				CLANG_ENABLE_MODULES = YES;
				CLANG_ENABLE_OBJC_ARC = YES;
				CLANG_WARN_BOOL_CONVERSION = YES;
				CLANG_WARN_CONSTANT_CONVERSION = YES;
				CLANG_WARN_DIRECT_OBJC_ISA_USAGE = YES_ERROR;
				CLANG_WARN_DOCUMENTATION_COMMENTS = YES;
				CLANG_WARN_EMPTY_BODY = YES;
				CLANG_WARN_ENUM_CONVERSION = YES;
				CLANG_WARN_INFINITE_RECURSION = YES;
				CLANG_WARN_INT_CONVERSION = YES;
				CLANG_WARN_OBJC_ROOT_CLASS = YES_ERROR;
				CLANG_WARN_SUSPICIOUS_MOVES = YES;
				CLANG_WARN_UNREACHABLE_CODE = YES;
				CLANG_WARN__DUPLICATE_METHOD_MATCH = YES;
				CODE_SIGN_IDENTITY = "-";
				COPY_PHASE_STRIP = NO;
				DEBUG_INFORMATION_FORMAT = dwarf;
				ENABLE_STRICT_OBJC_MSGSEND = YES;
				ENABLE_TESTABILITY = YES;
				GCC_C_LANGUAGE_STANDARD = gnu99;
				GCC_DYNAMIC_NO_PIC = NO;
				GCC_NO_COMMON_BLOCKS = YES;
				GCC_OPTIMIZATION_LEVEL = 0;
				GCC_PREPROCESSOR_DEFINITIONS = (
					"DEBUG=1",
					"$(inherited)",
				);
				GCC_WARN_64_TO_32_BIT_CONVERSION = YES;
				GCC_WARN_ABOUT_RETURN_TYPE = YES_ERROR;
				GCC_WARN_UNDECLARED_SELECTOR = YES;
				GCC_WARN_UNINITIALIZED_AUTOS = YES_AGGRESSIVE;
				GCC_WARN_UNUSED_FUNCTION = YES;
				GCC_WARN_UNUSED_VARIABLE = YES;
				MACOSX_DEPLOYMENT_TARGET = 10.11;
				MTL_ENABLE_DEBUG_INFO = YES;
				ONLY_ACTIVE_ARCH = YES;
				SDKROOT = macosx;
			};
			name = Debug;
		};
		7985DF881E368FB00085ECFB /* Release */ = {
			isa = XCBuildConfiguration;
			buildSettings = {
				ALWAYS_SEARCH_USER_PATHS = NO;
				CLANG_ANALYZER_NONNULL = YES;
				CLANG_CXX_LANGUAGE_STANDARD = "gnu++0x";
				CLANG_CXX_LIBRARY = "libc++";
				CLANG_ENABLE_MODULES = YES;
				CLANG_ENABLE_OBJC_ARC = YES;
				CLANG_WARN_BOOL_CONVERSION = YES;
				CLANG_WARN_CONSTANT_CONVERSION = YES;
				CLANG_WARN_DIRECT_OBJC_ISA_USAGE = YES_ERROR;
				CLANG_WARN_DOCUMENTATION_COMMENTS = YES;
				CLANG_WARN_EMPTY_BODY = YES;
				CLANG_WARN_ENUM_CONVERSION = YES;
				CLANG_WARN_INFINITE_RECURSION = YES;
				CLANG_WARN_INT_CONVERSION = YES;
				CLANG_WARN_OBJC_ROOT_CLASS = YES_ERROR;
				CLANG_WARN_SUSPICIOUS_MOVES = YES;
				CLANG_WARN_UNREACHABLE_CODE = YES;
				CLANG_WARN__DUPLICATE_METHOD_MATCH = YES;
				CODE_SIGN_IDENTITY = "-";
				COPY_PHASE_STRIP = NO;
				DEBUG_INFORMATION_FORMAT = "dwarf-with-dsym";
				ENABLE_NS_ASSERTIONS = NO;
				ENABLE_STRICT_OBJC_MSGSEND = YES;
				GCC_C_LANGUAGE_STANDARD = gnu99;
				GCC_NO_COMMON_BLOCKS = YES;
				GCC_WARN_64_TO_32_BIT_CONVERSION = YES;
				GCC_WARN_ABOUT_RETURN_TYPE = YES_ERROR;
				GCC_WARN_UNDECLARED_SELECTOR = YES;
				GCC_WARN_UNINITIALIZED_AUTOS = YES_AGGRESSIVE;
				GCC_WARN_UNUSED_FUNCTION = YES;
				GCC_WARN_UNUSED_VARIABLE = YES;
				MACOSX_DEPLOYMENT_TARGET = 10.11;
				MTL_ENABLE_DEBUG_INFO = NO;
				SDKROOT = macosx;
			};
			name = Release;
		};
		7985DF8A1E368FB00085ECFB /* Debug */ = {
			isa = XCBuildConfiguration;
			buildSettings = {
				PRODUCT_NAME = "$(TARGET_NAME)";
			};
			name = Debug;
		};
		7985DF8B1E368FB00085ECFB /* Release */ = {
			isa = XCBuildConfiguration;
			buildSettings = {
				PRODUCT_NAME = "$(TARGET_NAME)";
			};
			name = Release;
		};
/* End XCBuildConfiguration section */

/* Begin XCConfigurationList section */
		7985DF7D1E368FB00085ECFB /* Build configuration list for PBXProject "FirstAfternoonCPlusPlus" */ = {
			isa = XCConfigurationList;
			buildConfigurations = (
				7985DF871E368FB00085ECFB /* Debug */,
				7985DF881E368FB00085ECFB /* Release */,
			);
			defaultConfigurationIsVisible = 0;
			defaultConfigurationName = Release;
		};
		7985DF891E368FB00085ECFB /* Build configuration list for PBXNativeTarget "FirstAfternoonCPlusPlus" */ = {
			isa = XCConfigurationList;
			buildConfigurations = (
				7985DF8A1E368FB00085ECFB /* Debug */,
				7985DF8B1E368FB00085ECFB /* Release */,
			);
			defaultConfigurationIsVisible = 0;
			defaultConfigurationName = Release;
		};
/* End XCConfigurationList section */
	};
	rootObject = 7985DF7A1E368FB00085ECFB /* Project object */;
}
